// !$*UTF8*$!
{
	archiveVersion = 1;
	classes = {
	};
	objectVersion = 56;
	objects = {

/* Begin PBXBuildFile section */
		ACCD11D02D3BF3C7002E807B /* AutumnApp.swift in Sources */ = {isa = PBXBuildFile; fileRef = ACCD11CF2D3BF3C7002E807B /* AutumnApp.swift */; };
		ACCD11D22D3BF3C7002E807B /* ContentView.swift in Sources */ = {isa = PBXBuildFile; fileRef = ACCD11D12D3BF3C7002E807B /* ContentView.swift */; };
		ACCD11D42D3BF3C8002E807B /* Assets.xcassets in Resources */ = {isa = PBXBuildFile; fileRef = ACCD11D32D3BF3C8002E807B /* Assets.xcassets */; };
		ACCD11D72D3BF3C8002E807B /* Preview Assets.xcassets in Resources */ = {isa = PBXBuildFile; fileRef = ACCD11D62D3BF3C8002E807B /* Preview Assets.xcassets */; };
		ACCD11E12D3BF3C9002E807B /* AutumnTests.swift in Sources */ = {isa = PBXBuildFile; fileRef = ACCD11E02D3BF3C9002E807B /* AutumnTests.swift */; };
		ACCD11EB2D3BF3C9002E807B /* AutumnUITests.swift in Sources */ = {isa = PBXBuildFile; fileRef = ACCD11EA2D3BF3C9002E807B /* AutumnUITests.swift */; };
		ACCD11ED2D3BF3C9002E807B /* AutumnUITestsLaunchTests.swift in Sources */ = {isa = PBXBuildFile; fileRef = ACCD11EC2D3BF3C9002E807B /* AutumnUITestsLaunchTests.swift */; };
		ACCD11FB2D3BF446002E807B /* MainView.swift in Sources */ = {isa = PBXBuildFile; fileRef = ACCD11FA2D3BF446002E807B /* MainView.swift */; };
/* End PBXBuildFile section */

/* Begin PBXContainerItemProxy section */
		ACCD11DD2D3BF3C8002E807B /* PBXContainerItemProxy */ = {
			isa = PBXContainerItemProxy;
			containerPortal = ACCD11C42D3BF3C7002E807B /* Project object */;
			proxyType = 1;
			remoteGlobalIDString = ACCD11CB2D3BF3C7002E807B;
			remoteInfo = Autumn;
		};
		ACCD11E72D3BF3C9002E807B /* PBXContainerItemProxy */ = {
			isa = PBXContainerItemProxy;
			containerPortal = ACCD11C42D3BF3C7002E807B /* Project object */;
			proxyType = 1;
			remoteGlobalIDString = ACCD11CB2D3BF3C7002E807B;
			remoteInfo = Autumn;
		};
/* End PBXContainerItemProxy section */

/* Begin PBXFileReference section */
		ACCD11CC2D3BF3C7002E807B /* Autumn.app */ = {isa = PBXFileReference; explicitFileType = wrapper.application; includeInIndex = 0; path = Autumn.app; sourceTree = BUILT_PRODUCTS_DIR; };
		ACCD11CF2D3BF3C7002E807B /* AutumnApp.swift */ = {isa = PBXFileReference; lastKnownFileType = sourcecode.swift; path = AutumnApp.swift; sourceTree = "<group>"; };
		ACCD11D12D3BF3C7002E807B /* ContentView.swift */ = {isa = PBXFileReference; lastKnownFileType = sourcecode.swift; path = ContentView.swift; sourceTree = "<group>"; };
		ACCD11D32D3BF3C8002E807B /* Assets.xcassets */ = {isa = PBXFileReference; lastKnownFileType = folder.assetcatalog; path = Assets.xcassets; sourceTree = "<group>"; };
		ACCD11D62D3BF3C8002E807B /* Preview Assets.xcassets */ = {isa = PBXFileReference; lastKnownFileType = folder.assetcatalog; path = "Preview Assets.xcassets"; sourceTree = "<group>"; };
		ACCD11DC2D3BF3C8002E807B /* AutumnTests.xctest */ = {isa = PBXFileReference; explicitFileType = wrapper.cfbundle; includeInIndex = 0; path = AutumnTests.xctest; sourceTree = BUILT_PRODUCTS_DIR; };
		ACCD11E02D3BF3C9002E807B /* AutumnTests.swift */ = {isa = PBXFileReference; lastKnownFileType = sourcecode.swift; path = AutumnTests.swift; sourceTree = "<group>"; };
		ACCD11E62D3BF3C9002E807B /* AutumnUITests.xctest */ = {isa = PBXFileReference; explicitFileType = wrapper.cfbundle; includeInIndex = 0; path = AutumnUITests.xctest; sourceTree = BUILT_PRODUCTS_DIR; };
		ACCD11EA2D3BF3C9002E807B /* AutumnUITests.swift */ = {isa = PBXFileReference; lastKnownFileType = sourcecode.swift; path = AutumnUITests.swift; sourceTree = "<group>"; };
		ACCD11EC2D3BF3C9002E807B /* AutumnUITestsLaunchTests.swift */ = {isa = PBXFileReference; lastKnownFileType = sourcecode.swift; path = AutumnUITestsLaunchTests.swift; sourceTree = "<group>"; };
		ACCD11FA2D3BF446002E807B /* MainView.swift */ = {isa = PBXFileReference; lastKnownFileType = sourcecode.swift; path = MainView.swift; sourceTree = "<group>"; };
/* End PBXFileReference section */

/* Begin PBXFrameworksBuildPhase section */
		ACCD11C92D3BF3C7002E807B /* Frameworks */ = {
			isa = PBXFrameworksBuildPhase;
			buildActionMask = 2147483647;
			files = (
			);
			runOnlyForDeploymentPostprocessing = 0;
		};
		ACCD11D92D3BF3C8002E807B /* Frameworks */ = {
			isa = PBXFrameworksBuildPhase;
			buildActionMask = 2147483647;
			files = (
			);
			runOnlyForDeploymentPostprocessing = 0;
		};
		ACCD11E32D3BF3C9002E807B /* Frameworks */ = {
			isa = PBXFrameworksBuildPhase;
			buildActionMask = 2147483647;
			files = (
			);
			runOnlyForDeploymentPostprocessing = 0;
		};
/* End PBXFrameworksBuildPhase section */

/* Begin PBXGroup section */
		ACCD11C32D3BF3C7002E807B = {
			isa = PBXGroup;
			children = (
				ACCD11CE2D3BF3C7002E807B /* Autumn */,
				ACCD11DF2D3BF3C8002E807B /* AutumnTests */,
				ACCD11E92D3BF3C9002E807B /* AutumnUITests */,
				ACCD11CD2D3BF3C7002E807B /* Products */,
			);
			sourceTree = "<group>";
		};
		ACCD11CD2D3BF3C7002E807B /* Products */ = {
			isa = PBXGroup;
			children = (
				ACCD11CC2D3BF3C7002E807B /* Autumn.app */,
				ACCD11DC2D3BF3C8002E807B /* AutumnTests.xctest */,
				ACCD11E62D3BF3C9002E807B /* AutumnUITests.xctest */,
			);
			name = Products;
			sourceTree = "<group>";
		};
		ACCD11CE2D3BF3C7002E807B /* Autumn */ = {
			isa = PBXGroup;
			children = (
				ACCD11F92D3BF42F002E807B /* views */,
				ACCD11CF2D3BF3C7002E807B /* AutumnApp.swift */,
				ACCD11D12D3BF3C7002E807B /* ContentView.swift */,
				ACCD11D32D3BF3C8002E807B /* Assets.xcassets */,
				ACCD11D52D3BF3C8002E807B /* Preview Content */,
			);
			path = Autumn;
			sourceTree = "<group>";
		};
		ACCD11D52D3BF3C8002E807B /* Preview Content */ = {
			isa = PBXGroup;
			children = (
				ACCD11D62D3BF3C8002E807B /* Preview Assets.xcassets */,
			);
			path = "Preview Content";
			sourceTree = "<group>";
		};
		ACCD11DF2D3BF3C8002E807B /* AutumnTests */ = {
			isa = PBXGroup;
			children = (
				ACCD11E02D3BF3C9002E807B /* AutumnTests.swift */,
			);
			path = AutumnTests;
			sourceTree = "<group>";
		};
		ACCD11E92D3BF3C9002E807B /* AutumnUITests */ = {
			isa = PBXGroup;
			children = (
				ACCD11EA2D3BF3C9002E807B /* AutumnUITests.swift */,
				ACCD11EC2D3BF3C9002E807B /* AutumnUITestsLaunchTests.swift */,
			);
			path = AutumnUITests;
			sourceTree = "<group>";
		};
		ACCD11F92D3BF42F002E807B /* views */ = {
			isa = PBXGroup;
			children = (
				ACCD11FA2D3BF446002E807B /* MainView.swift */,
			);
			path = views;
			sourceTree = "<group>";
		};
/* End PBXGroup section */

/* Begin PBXNativeTarget section */
		ACCD11CB2D3BF3C7002E807B /* Autumn */ = {
			isa = PBXNativeTarget;
			buildConfigurationList = ACCD11F02D3BF3C9002E807B /* Build configuration list for PBXNativeTarget "Autumn" */;
			buildPhases = (
				ACCD11C82D3BF3C7002E807B /* Sources */,
				ACCD11C92D3BF3C7002E807B /* Frameworks */,
				ACCD11CA2D3BF3C7002E807B /* Resources */,
			);
			buildRules = (
			);
			dependencies = (
			);
			name = Autumn;
			productName = Autumn;
			productReference = ACCD11CC2D3BF3C7002E807B /* Autumn.app */;
			productType = "com.apple.product-type.application";
		};
		ACCD11DB2D3BF3C8002E807B /* AutumnTests */ = {
			isa = PBXNativeTarget;
			buildConfigurationList = ACCD11F32D3BF3C9002E807B /* Build configuration list for PBXNativeTarget "AutumnTests" */;
			buildPhases = (
				ACCD11D82D3BF3C8002E807B /* Sources */,
				ACCD11D92D3BF3C8002E807B /* Frameworks */,
				ACCD11DA2D3BF3C8002E807B /* Resources */,
			);
			buildRules = (
			);
			dependencies = (
				ACCD11DE2D3BF3C8002E807B /* PBXTargetDependency */,
			);
			name = AutumnTests;
			productName = AutumnTests;
			productReference = ACCD11DC2D3BF3C8002E807B /* AutumnTests.xctest */;
			productType = "com.apple.product-type.bundle.unit-test";
		};
		ACCD11E52D3BF3C9002E807B /* AutumnUITests */ = {
			isa = PBXNativeTarget;
			buildConfigurationList = ACCD11F62D3BF3C9002E807B /* Build configuration list for PBXNativeTarget "AutumnUITests" */;
			buildPhases = (
				ACCD11E22D3BF3C9002E807B /* Sources */,
				ACCD11E32D3BF3C9002E807B /* Frameworks */,
				ACCD11E42D3BF3C9002E807B /* Resources */,
			);
			buildRules = (
			);
			dependencies = (
				ACCD11E82D3BF3C9002E807B /* PBXTargetDependency */,
			);
			name = AutumnUITests;
			productName = AutumnUITests;
			productReference = ACCD11E62D3BF3C9002E807B /* AutumnUITests.xctest */;
			productType = "com.apple.product-type.bundle.ui-testing";
		};
/* End PBXNativeTarget section */

/* Begin PBXProject section */
		ACCD11C42D3BF3C7002E807B /* Project object */ = {
			isa = PBXProject;
			attributes = {
				BuildIndependentTargetsInParallel = 1;
				LastSwiftUpdateCheck = 1430;
				LastUpgradeCheck = 1430;
				TargetAttributes = {
					ACCD11CB2D3BF3C7002E807B = {
						CreatedOnToolsVersion = 14.3.1;
					};
					ACCD11DB2D3BF3C8002E807B = {
						CreatedOnToolsVersion = 14.3.1;
						TestTargetID = ACCD11CB2D3BF3C7002E807B;
					};
					ACCD11E52D3BF3C9002E807B = {
						CreatedOnToolsVersion = 14.3.1;
						TestTargetID = ACCD11CB2D3BF3C7002E807B;
					};
				};
			};
			buildConfigurationList = ACCD11C72D3BF3C7002E807B /* Build configuration list for PBXProject "Autumn" */;
			compatibilityVersion = "Xcode 14.0";
			developmentRegion = en;
			hasScannedForEncodings = 0;
			knownRegions = (
				en,
				Base,
			);
			mainGroup = ACCD11C32D3BF3C7002E807B;
			productRefGroup = ACCD11CD2D3BF3C7002E807B /* Products */;
			projectDirPath = "";
			projectRoot = "";
			targets = (
				ACCD11CB2D3BF3C7002E807B /* Autumn */,
				ACCD11DB2D3BF3C8002E807B /* AutumnTests */,
				ACCD11E52D3BF3C9002E807B /* AutumnUITests */,
			);
		};
/* End PBXProject section */

/* Begin PBXResourcesBuildPhase section */
		ACCD11CA2D3BF3C7002E807B /* Resources */ = {
			isa = PBXResourcesBuildPhase;
			buildActionMask = 2147483647;
			files = (
				ACCD11D72D3BF3C8002E807B /* Preview Assets.xcassets in Resources */,
				ACCD11D42D3BF3C8002E807B /* Assets.xcassets in Resources */,
			);
			runOnlyForDeploymentPostprocessing = 0;
		};
		ACCD11DA2D3BF3C8002E807B /* Resources */ = {
			isa = PBXResourcesBuildPhase;
			buildActionMask = 2147483647;
			files = (
			);
			runOnlyForDeploymentPostprocessing = 0;
		};
		ACCD11E42D3BF3C9002E807B /* Resources */ = {
			isa = PBXResourcesBuildPhase;
			buildActionMask = 2147483647;
			files = (
			);
			runOnlyForDeploymentPostprocessing = 0;
		};
/* End PBXResourcesBuildPhase section */

/* Begin PBXSourcesBuildPhase section */
		ACCD11C82D3BF3C7002E807B /* Sources */ = {
			isa = PBXSourcesBuildPhase;
			buildActionMask = 2147483647;
			files = (
				ACCD11D22D3BF3C7002E807B /* ContentView.swift in Sources */,
				ACCD11FB2D3BF446002E807B /* MainView.swift in Sources */,
				ACCD11D02D3BF3C7002E807B /* AutumnApp.swift in Sources */,
			);
			runOnlyForDeploymentPostprocessing = 0;
		};
		ACCD11D82D3BF3C8002E807B /* Sources */ = {
			isa = PBXSourcesBuildPhase;
			buildActionMask = 2147483647;
			files = (
				ACCD11E12D3BF3C9002E807B /* AutumnTests.swift in Sources */,
			);
			runOnlyForDeploymentPostprocessing = 0;
		};
		ACCD11E22D3BF3C9002E807B /* Sources */ = {
			isa = PBXSourcesBuildPhase;
			buildActionMask = 2147483647;
			files = (
				ACCD11ED2D3BF3C9002E807B /* AutumnUITestsLaunchTests.swift in Sources */,
				ACCD11EB2D3BF3C9002E807B /* AutumnUITests.swift in Sources */,
			);
			runOnlyForDeploymentPostprocessing = 0;
		};
/* End PBXSourcesBuildPhase section */

/* Begin PBXTargetDependency section */
		ACCD11DE2D3BF3C8002E807B /* PBXTargetDependency */ = {
			isa = PBXTargetDependency;
			target = ACCD11CB2D3BF3C7002E807B /* Autumn */;
			targetProxy = ACCD11DD2D3BF3C8002E807B /* PBXContainerItemProxy */;
		};
		ACCD11E82D3BF3C9002E807B /* PBXTargetDependency */ = {
			isa = PBXTargetDependency;
			target = ACCD11CB2D3BF3C7002E807B /* Autumn */;
			targetProxy = ACCD11E72D3BF3C9002E807B /* PBXContainerItemProxy */;
		};
/* End PBXTargetDependency section */

/* Begin XCBuildConfiguration section */
		ACCD11EE2D3BF3C9002E807B /* Debug */ = {
			isa = XCBuildConfiguration;
			buildSettings = {
				ALWAYS_SEARCH_USER_PATHS = NO;
				CLANG_ANALYZER_NONNULL = YES;
				CLANG_ANALYZER_NUMBER_OBJECT_CONVERSION = YES_AGGRESSIVE;
				CLANG_CXX_LANGUAGE_STANDARD = "gnu++20";
				CLANG_ENABLE_MODULES = YES;
				CLANG_ENABLE_OBJC_ARC = YES;
				CLANG_ENABLE_OBJC_WEAK = YES;
				CLANG_WARN_BLOCK_CAPTURE_AUTORELEASING = YES;
				CLANG_WARN_BOOL_CONVERSION = YES;
				CLANG_WARN_COMMA = YES;
				CLANG_WARN_CONSTANT_CONVERSION = YES;
				CLANG_WARN_DEPRECATED_OBJC_IMPLEMENTATIONS = YES;
				CLANG_WARN_DIRECT_OBJC_ISA_USAGE = YES_ERROR;
				CLANG_WARN_DOCUMENTATION_COMMENTS = YES;
				CLANG_WARN_EMPTY_BODY = YES;
				CLANG_WARN_ENUM_CONVERSION = YES;
				CLANG_WARN_INFINITE_RECURSION = YES;
				CLANG_WARN_INT_CONVERSION = YES;
				CLANG_WARN_NON_LITERAL_NULL_CONVERSION = YES;
				CLANG_WARN_OBJC_IMPLICIT_RETAIN_SELF = YES;
				CLANG_WARN_OBJC_LITERAL_CONVERSION = YES;
				CLANG_WARN_OBJC_ROOT_CLASS = YES_ERROR;
				CLANG_WARN_QUOTED_INCLUDE_IN_FRAMEWORK_HEADER = YES;
				CLANG_WARN_RANGE_LOOP_ANALYSIS = YES;
				CLANG_WARN_STRICT_PROTOTYPES = YES;
				CLANG_WARN_SUSPICIOUS_MOVE = YES;
				CLANG_WARN_UNGUARDED_AVAILABILITY = YES_AGGRESSIVE;
				CLANG_WARN_UNREACHABLE_CODE = YES;
				CLANG_WARN__DUPLICATE_METHOD_MATCH = YES;
				COPY_PHASE_STRIP = NO;
				DEBUG_INFORMATION_FORMAT = dwarf;
				ENABLE_STRICT_OBJC_MSGSEND = YES;
				ENABLE_TESTABILITY = YES;
				GCC_C_LANGUAGE_STANDARD = gnu11;
				GCC_DYNAMIC_NO_PIC = NO;
				GCC_NO_COMMON_BLOCKS = YES;
				GCC_OPTIMIZATION_LEVEL = 0;
				GCC_PREPROCESSOR_DEFINITIONS = (
					"DEBUG=1",
					"$(inherited)",
				);
				GCC_WARN_64_TO_32_BIT_CONVERSION = YES;
				GCC_WARN_ABOUT_RETURN_TYPE = YES_ERROR;
				GCC_WARN_UNDECLARED_SELECTOR = YES;
				GCC_WARN_UNINITIALIZED_AUTOS = YES_AGGRESSIVE;
				GCC_WARN_UNUSED_FUNCTION = YES;
				GCC_WARN_UNUSED_VARIABLE = YES;
				IPHONEOS_DEPLOYMENT_TARGET = 16.4;
				MTL_ENABLE_DEBUG_INFO = INCLUDE_SOURCE;
				MTL_FAST_MATH = YES;
				ONLY_ACTIVE_ARCH = YES;
				SDKROOT = iphoneos;
				SWIFT_ACTIVE_COMPILATION_CONDITIONS = DEBUG;
				SWIFT_OPTIMIZATION_LEVEL = "-Onone";
			};
			name = Debug;
		};
		ACCD11EF2D3BF3C9002E807B /* Release */ = {
			isa = XCBuildConfiguration;
			buildSettings = {
				ALWAYS_SEARCH_USER_PATHS = NO;
				CLANG_ANALYZER_NONNULL = YES;
				CLANG_ANALYZER_NUMBER_OBJECT_CONVERSION = YES_AGGRESSIVE;
				CLANG_CXX_LANGUAGE_STANDARD = "gnu++20";
				CLANG_ENABLE_MODULES = YES;
				CLANG_ENABLE_OBJC_ARC = YES;
				CLANG_ENABLE_OBJC_WEAK = YES;
				CLANG_WARN_BLOCK_CAPTURE_AUTORELEASING = YES;
				CLANG_WARN_BOOL_CONVERSION = YES;
				CLANG_WARN_COMMA = YES;
				CLANG_WARN_CONSTANT_CONVERSION = YES;
				CLANG_WARN_DEPRECATED_OBJC_IMPLEMENTATIONS = YES;
				CLANG_WARN_DIRECT_OBJC_ISA_USAGE = YES_ERROR;
				CLANG_WARN_DOCUMENTATION_COMMENTS = YES;
				CLANG_WARN_EMPTY_BODY = YES;
				CLANG_WARN_ENUM_CONVERSION = YES;
				CLANG_WARN_INFINITE_RECURSION = YES;
				CLANG_WARN_INT_CONVERSION = YES;
				CLANG_WARN_NON_LITERAL_NULL_CONVERSION = YES;
				CLANG_WARN_OBJC_IMPLICIT_RETAIN_SELF = YES;
				CLANG_WARN_OBJC_LITERAL_CONVERSION = YES;
				CLANG_WARN_OBJC_ROOT_CLASS = YES_ERROR;
				CLANG_WARN_QUOTED_INCLUDE_IN_FRAMEWORK_HEADER = YES;
				CLANG_WARN_RANGE_LOOP_ANALYSIS = YES;
				CLANG_WARN_STRICT_PROTOTYPES = YES;
				CLANG_WARN_SUSPICIOUS_MOVE = YES;
				CLANG_WARN_UNGUARDED_AVAILABILITY = YES_AGGRESSIVE;
				CLANG_WARN_UNREACHABLE_CODE = YES;
				CLANG_WARN__DUPLICATE_METHOD_MATCH = YES;
				COPY_PHASE_STRIP = NO;
				DEBUG_INFORMATION_FORMAT = "dwarf-with-dsym";
				ENABLE_NS_ASSERTIONS = NO;
				ENABLE_STRICT_OBJC_MSGSEND = YES;
				GCC_C_LANGUAGE_STANDARD = gnu11;
				GCC_NO_COMMON_BLOCKS = YES;
				GCC_WARN_64_TO_32_BIT_CONVERSION = YES;
				GCC_WARN_ABOUT_RETURN_TYPE = YES_ERROR;
				GCC_WARN_UNDECLARED_SELECTOR = YES;
				GCC_WARN_UNINITIALIZED_AUTOS = YES_AGGRESSIVE;
				GCC_WARN_UNUSED_FUNCTION = YES;
				GCC_WARN_UNUSED_VARIABLE = YES;
				IPHONEOS_DEPLOYMENT_TARGET = 16.4;
				MTL_ENABLE_DEBUG_INFO = NO;
				MTL_FAST_MATH = YES;
				SDKROOT = iphoneos;
				SWIFT_COMPILATION_MODE = wholemodule;
				SWIFT_OPTIMIZATION_LEVEL = "-O";
				VALIDATE_PRODUCT = YES;
			};
			name = Release;
		};
		ACCD11F12D3BF3C9002E807B /* Debug */ = {
			isa = XCBuildConfiguration;
			buildSettings = {
				ASSETCATALOG_COMPILER_APPICON_NAME = AppIcon;
				ASSETCATALOG_COMPILER_GLOBAL_ACCENT_COLOR_NAME = AccentColor;
				CODE_SIGN_STYLE = Automatic;
				CURRENT_PROJECT_VERSION = 1;
				DEVELOPMENT_ASSET_PATHS = "\"Autumn/Preview Content\"";
				DEVELOPMENT_TEAM = 8YBD2LDPZP;
				ENABLE_PREVIEWS = YES;
				GENERATE_INFOPLIST_FILE = YES;
				INFOPLIST_KEY_UIApplicationSceneManifest_Generation = YES;
				INFOPLIST_KEY_UIApplicationSupportsIndirectInputEvents = YES;
				INFOPLIST_KEY_UILaunchScreen_Generation = YES;
				INFOPLIST_KEY_UISupportedInterfaceOrientations_iPad = "UIInterfaceOrientationPortrait UIInterfaceOrientationPortraitUpsideDown UIInterfaceOrientationLandscapeLeft UIInterfaceOrientationLandscapeRight";
				INFOPLIST_KEY_UISupportedInterfaceOrientations_iPhone = "UIInterfaceOrientationPortrait UIInterfaceOrientationLandscapeLeft UIInterfaceOrientationLandscapeRight";
				LD_RUNPATH_SEARCH_PATHS = (
					"$(inherited)",
					"@executable_path/Frameworks",
				);
				MARKETING_VERSION = 1.0;
				PRODUCT_BUNDLE_IDENTIFIER = com.fall.ye.autumn;
				PRODUCT_NAME = "$(TARGET_NAME)";
				SWIFT_EMIT_LOC_STRINGS = YES;
				SWIFT_VERSION = 5.0;
				TARGETED_DEVICE_FAMILY = "1,2";
			};
			name = Debug;
		};
		ACCD11F22D3BF3C9002E807B /* Release */ = {
			isa = XCBuildConfiguration;
			buildSettings = {
				ASSETCATALOG_COMPILER_APPICON_NAME = AppIcon;
				ASSETCATALOG_COMPILER_GLOBAL_ACCENT_COLOR_NAME = AccentColor;
				CODE_SIGN_STYLE = Automatic;
				CURRENT_PROJECT_VERSION = 1;
				DEVELOPMENT_ASSET_PATHS = "\"Autumn/Preview Content\"";
				DEVELOPMENT_TEAM = 8YBD2LDPZP;
				ENABLE_PREVIEWS = YES;
				GENERATE_INFOPLIST_FILE = YES;
				INFOPLIST_KEY_UIApplicationSceneManifest_Generation = YES;
				INFOPLIST_KEY_UIApplicationSupportsIndirectInputEvents = YES;
				INFOPLIST_KEY_UILaunchScreen_Generation = YES;
				INFOPLIST_KEY_UISupportedInterfaceOrientations_iPad = "UIInterfaceOrientationPortrait UIInterfaceOrientationPortraitUpsideDown UIInterfaceOrientationLandscapeLeft UIInterfaceOrientationLandscapeRight";
				INFOPLIST_KEY_UISupportedInterfaceOrientations_iPhone = "UIInterfaceOrientationPortrait UIInterfaceOrientationLandscapeLeft UIInterfaceOrientationLandscapeRight";
				LD_RUNPATH_SEARCH_PATHS = (
					"$(inherited)",
					"@executable_path/Frameworks",
				);
				MARKETING_VERSION = 1.0;
				PRODUCT_BUNDLE_IDENTIFIER = com.fall.ye.autumn;
				PRODUCT_NAME = "$(TARGET_NAME)";
				SWIFT_EMIT_LOC_STRINGS = YES;
				SWIFT_VERSION = 5.0;
				TARGETED_DEVICE_FAMILY = "1,2";
			};
			name = Release;
		};
		ACCD11F42D3BF3C9002E807B /* Debug */ = {
			isa = XCBuildConfiguration;
			buildSettings = {
				ALWAYS_EMBED_SWIFT_STANDARD_LIBRARIES = YES;
				BUNDLE_LOADER = "$(TEST_HOST)";
				CODE_SIGN_STYLE = Automatic;
				CURRENT_PROJECT_VERSION = 1;
				DEVELOPMENT_TEAM = 8YBD2LDPZP;
				GENERATE_INFOPLIST_FILE = YES;
				IPHONEOS_DEPLOYMENT_TARGET = 16.4;
				MARKETING_VERSION = 1.0;
				PRODUCT_BUNDLE_IDENTIFIER = test.AutumnTests;
				PRODUCT_NAME = "$(TARGET_NAME)";
				SWIFT_EMIT_LOC_STRINGS = NO;
				SWIFT_VERSION = 5.0;
				TARGETED_DEVICE_FAMILY = "1,2";
				TEST_HOST = "$(BUILT_PRODUCTS_DIR)/Autumn.app/$(BUNDLE_EXECUTABLE_FOLDER_PATH)/Autumn";
			};
			name = Debug;
		};
		ACCD11F52D3BF3C9002E807B /* Release */ = {
			isa = XCBuildConfiguration;
			buildSettings = {
				ALWAYS_EMBED_SWIFT_STANDARD_LIBRARIES = YES;
				BUNDLE_LOADER = "$(TEST_HOST)";
				CODE_SIGN_STYLE = Automatic;
				CURRENT_PROJECT_VERSION = 1;
				DEVELOPMENT_TEAM = 8YBD2LDPZP;
				GENERATE_INFOPLIST_FILE = YES;
				IPHONEOS_DEPLOYMENT_TARGET = 16.4;
				MARKETING_VERSION = 1.0;
				PRODUCT_BUNDLE_IDENTIFIER = test.AutumnTests;
				PRODUCT_NAME = "$(TARGET_NAME)";
				SWIFT_EMIT_LOC_STRINGS = NO;
				SWIFT_VERSION = 5.0;
				TARGETED_DEVICE_FAMILY = "1,2";
				TEST_HOST = "$(BUILT_PRODUCTS_DIR)/Autumn.app/$(BUNDLE_EXECUTABLE_FOLDER_PATH)/Autumn";
			};
			name = Release;
		};
		ACCD11F72D3BF3C9002E807B /* Debug */ = {
			isa = XCBuildConfiguration;
			buildSettings = {
				ALWAYS_EMBED_SWIFT_STANDARD_LIBRARIES = YES;
				CODE_SIGN_STYLE = Automatic;
				CURRENT_PROJECT_VERSION = 1;
				DEVELOPMENT_TEAM = 8YBD2LDPZP;
				GENERATE_INFOPLIST_FILE = YES;
				MARKETING_VERSION = 1.0;
				PRODUCT_BUNDLE_IDENTIFIER = test.AutumnUITests;
				PRODUCT_NAME = "$(TARGET_NAME)";
				SWIFT_EMIT_LOC_STRINGS = NO;
				SWIFT_VERSION = 5.0;
				TARGETED_DEVICE_FAMILY = "1,2";
				TEST_TARGET_NAME = Autumn;
			};
			name = Debug;
		};
		ACCD11F82D3BF3C9002E807B /* Release */ = {
			isa = XCBuildConfiguration;
			buildSettings = {
				ALWAYS_EMBED_SWIFT_STANDARD_LIBRARIES = YES;
				CODE_SIGN_STYLE = Automatic;
				CURRENT_PROJECT_VERSION = 1;
				DEVELOPMENT_TEAM = 8YBD2LDPZP;
				GENERATE_INFOPLIST_FILE = YES;
				MARKETING_VERSION = 1.0;
				PRODUCT_BUNDLE_IDENTIFIER = test.AutumnUITests;
				PRODUCT_NAME = "$(TARGET_NAME)";
				SWIFT_EMIT_LOC_STRINGS = NO;
				SWIFT_VERSION = 5.0;
				TARGETED_DEVICE_FAMILY = "1,2";
				TEST_TARGET_NAME = Autumn;
			};
			name = Release;
		};
/* End XCBuildConfiguration section */

/* Begin XCConfigurationList section */
		ACCD11C72D3BF3C7002E807B /* Build configuration list for PBXProject "Autumn" */ = {
			isa = XCConfigurationList;
			buildConfigurations = (
				ACCD11EE2D3BF3C9002E807B /* Debug */,
				ACCD11EF2D3BF3C9002E807B /* Release */,
			);
			defaultConfigurationIsVisible = 0;
			defaultConfigurationName = Release;
		};
		ACCD11F02D3BF3C9002E807B /* Build configuration list for PBXNativeTarget "Autumn" */ = {
			isa = XCConfigurationList;
			buildConfigurations = (
				ACCD11F12D3BF3C9002E807B /* Debug */,
				ACCD11F22D3BF3C9002E807B /* Release */,
			);
			defaultConfigurationIsVisible = 0;
			defaultConfigurationName = Release;
		};
		ACCD11F32D3BF3C9002E807B /* Build configuration list for PBXNativeTarget "AutumnTests" */ = {
			isa = XCConfigurationList;
			buildConfigurations = (
				ACCD11F42D3BF3C9002E807B /* Debug */,
				ACCD11F52D3BF3C9002E807B /* Release */,
			);
			defaultConfigurationIsVisible = 0;
			defaultConfigurationName = Release;
		};
		ACCD11F62D3BF3C9002E807B /* Build configuration list for PBXNativeTarget "AutumnUITests" */ = {
			isa = XCConfigurationList;
			buildConfigurations = (
				ACCD11F72D3BF3C9002E807B /* Debug */,
				ACCD11F82D3BF3C9002E807B /* Release */,
			);
			defaultConfigurationIsVisible = 0;
			defaultConfigurationName = Release;
		};
/* End XCConfigurationList section */
	};
	rootObject = ACCD11C42D3BF3C7002E807B /* Project object */;
}
